
Microsoft Visual Studio Solution File, Format Version 12.00
# Visual Studio Version 16
VisualStudioVersion = 16.0.36631.11
MinimumVisualStudioVersion = 10.0.40219.1
Project("{FAE04EC0-301F-11D3-BF4B-00C04F79EFBC}") = "UISEK_ParqueaderoMVC", "UISEK_ParqueaderoMVC.csproj", "{A7BFA3E2-1455-4A4A-8CCE-69E574B947C2}"
EndProject
Global
	GlobalSection(SolutionConfigurationPlatforms) = preSolution
		Debug|Any CPU = Debug|Any CPU
		Release|Any CPU = Release|Any CPU
	EndGlobalSection
	GlobalSection(ProjectConfigurationPlatforms) = postSolution
		{A7BFA3E2-1455-4A4A-8CCE-69E574B947C2}.Debug|Any CPU.ActiveCfg = Debug|Any CPU
		{A7BFA3E2-1455-4A4A-8CCE-69E574B947C2}.Debug|Any CPU.Build.0 = Debug|Any CPU
		{A7BFA3E2-1455-4A4A-8CCE-69E574B947C2}.Release|Any CPU.ActiveCfg = Release|Any CPU
		{A7BFA3E2-1455-4A4A-8CCE-69E574B947C2}.Release|Any CPU.Build.0 = Release|Any CPU
	EndGlobalSection
	GlobalSection(SolutionProperties) = preSolution
		HideSolutionNode = FALSE
	EndGlobalSection
	GlobalSection(ExtensibilityGlobals) = postSolution
		SolutionGuid = {62C02CC2-45B6-4BF3-9E67-98DA3EF64C4F}
	EndGlobalSection
EndGlobal
